
Microsoft Visual Studio Solution File, Format Version 12.00
# Visual Studio Version 17
VisualStudioVersion = 17.5.33424.131
MinimumVisualStudioVersion = 10.0.40219.1
Project("{8BC9CEB8-8B4A-11D0-8D11-00A0C91BC942}") = "ChunSik", "ChunSik\ChunSik.vcxproj", "{037431B3-66A8-448F-A62E-711F6D0EFA55}"
	ProjectSection(ProjectDependencies) = postProject
		{06521EB5-C7A5-492E-9333-4BCE628FCD4F} = {06521EB5-C7A5-492E-9333-4BCE628FCD4F}
		{47AC450A-FF5A-4DC8-A25C-D056597B2174} = {47AC450A-FF5A-4DC8-A25C-D056597B2174}
		{A0B8804B-5828-4419-9D58-D76DC688598A} = {A0B8804B-5828-4419-9D58-D76DC688598A}
		{D2F629E2-0553-4BE9-BE7A-F10FA9191039} = {D2F629E2-0553-4BE9-BE7A-F10FA9191039}
	EndProjectSection
EndProject
Project("{8BC9CEB8-8B4A-11D0-8D11-00A0C91BC942}") = "GameClient", "GameClient\GameClient.vcxproj", "{47AC450A-FF5A-4DC8-A25C-D056597B2174}"
	ProjectSection(ProjectDependencies) = postProject
		{A0B8804B-5828-4419-9D58-D76DC688598A} = {A0B8804B-5828-4419-9D58-D76DC688598A}
		{D2F629E2-0553-4BE9-BE7A-F10FA9191039} = {D2F629E2-0553-4BE9-BE7A-F10FA9191039}
	EndProjectSection
EndProject
Project("{8BC9CEB8-8B4A-11D0-8D11-00A0C91BC942}") = "GameEnigne", "GameEnigne\GameEnigne.vcxproj", "{A0B8804B-5828-4419-9D58-D76DC688598A}"
	ProjectSection(ProjectDependencies) = postProject
		{06521EB5-C7A5-492E-9333-4BCE628FCD4F} = {06521EB5-C7A5-492E-9333-4BCE628FCD4F}
	EndProjectSection
EndProject
Project("{8BC9CEB8-8B4A-11D0-8D11-00A0C91BC942}") = "Math", "Math\Math.vcxproj", "{06521EB5-C7A5-492E-9333-4BCE628FCD4F}"
EndProject
Project("{8BC9CEB8-8B4A-11D0-8D11-00A0C91BC942}") = "GraphicsEngine", "GraphicsEngine\GraphicsEngine.vcxproj", "{D2F629E2-0553-4BE9-BE7A-F10FA9191039}"
	ProjectSection(ProjectDependencies) = postProject
		{06521EB5-C7A5-492E-9333-4BCE628FCD4F} = {06521EB5-C7A5-492E-9333-4BCE628FCD4F}
	EndProjectSection
EndProject
Global
	GlobalSection(SolutionConfigurationPlatforms) = preSolution
		Debug|x64 = Debug|x64
		Debug|x86 = Debug|x86
		Release|x64 = Release|x64
		Release|x86 = Release|x86
	EndGlobalSection
	GlobalSection(ProjectConfigurationPlatforms) = postSolution
		{037431B3-66A8-448F-A62E-711F6D0EFA55}.Debug|x64.ActiveCfg = Debug|x64
		{037431B3-66A8-448F-A62E-711F6D0EFA55}.Debug|x64.Build.0 = Debug|x64
		{037431B3-66A8-448F-A62E-711F6D0EFA55}.Debug|x86.ActiveCfg = Debug|Win32
		{037431B3-66A8-448F-A62E-711F6D0EFA55}.Debug|x86.Build.0 = Debug|Win32
		{037431B3-66A8-448F-A62E-711F6D0EFA55}.Release|x64.ActiveCfg = Release|x64
		{037431B3-66A8-448F-A62E-711F6D0EFA55}.Release|x64.Build.0 = Release|x64
		{037431B3-66A8-448F-A62E-711F6D0EFA55}.Release|x86.ActiveCfg = Release|Win32
		{037431B3-66A8-448F-A62E-711F6D0EFA55}.Release|x86.Build.0 = Release|Win32
		{47AC450A-FF5A-4DC8-A25C-D056597B2174}.Debug|x64.ActiveCfg = Debug|x64
		{47AC450A-FF5A-4DC8-A25C-D056597B2174}.Debug|x64.Build.0 = Debug|x64
		{47AC450A-FF5A-4DC8-A25C-D056597B2174}.Debug|x86.ActiveCfg = Debug|Win32
		{47AC450A-FF5A-4DC8-A25C-D056597B2174}.Debug|x86.Build.0 = Debug|Win32
		{47AC450A-FF5A-4DC8-A25C-D056597B2174}.Release|x64.ActiveCfg = Release|x64
		{47AC450A-FF5A-4DC8-A25C-D056597B2174}.Release|x64.Build.0 = Release|x64
		{47AC450A-FF5A-4DC8-A25C-D056597B2174}.Release|x86.ActiveCfg = Release|Win32
		{47AC450A-FF5A-4DC8-A25C-D056597B2174}.Release|x86.Build.0 = Release|Win32
		{A0B8804B-5828-4419-9D58-D76DC688598A}.Debug|x64.ActiveCfg = Debug|x64
		{A0B8804B-5828-4419-9D58-D76DC688598A}.Debug|x64.Build.0 = Debug|x64
		{A0B8804B-5828-4419-9D58-D76DC688598A}.Debug|x86.ActiveCfg = Debug|Win32
		{A0B8804B-5828-4419-9D58-D76DC688598A}.Debug|x86.Build.0 = Debug|Win32
		{A0B8804B-5828-4419-9D58-D76DC688598A}.Release|x64.ActiveCfg = Release|x64
		{A0B8804B-5828-4419-9D58-D76DC688598A}.Release|x64.Build.0 = Release|x64
		{A0B8804B-5828-4419-9D58-D76DC688598A}.Release|x86.ActiveCfg = Release|Win32
		{A0B8804B-5828-4419-9D58-D76DC688598A}.Release|x86.Build.0 = Release|Win32
		{06521EB5-C7A5-492E-9333-4BCE628FCD4F}.Debug|x64.ActiveCfg = Debug|x64
		{06521EB5-C7A5-492E-9333-4BCE628FCD4F}.Debug|x64.Build.0 = Debug|x64
		{06521EB5-C7A5-492E-9333-4BCE628FCD4F}.Debug|x86.ActiveCfg = Debug|Win32
		{06521EB5-C7A5-492E-9333-4BCE628FCD4F}.Debug|x86.Build.0 = Debug|Win32
		{06521EB5-C7A5-492E-9333-4BCE628FCD4F}.Release|x64.ActiveCfg = Release|x64
		{06521EB5-C7A5-492E-9333-4BCE628FCD4F}.Release|x64.Build.0 = Release|x64
		{06521EB5-C7A5-492E-9333-4BCE628FCD4F}.Release|x86.ActiveCfg = Release|Win32
		{06521EB5-C7A5-492E-9333-4BCE628FCD4F}.Release|x86.Build.0 = Release|Win32
		{D2F629E2-0553-4BE9-BE7A-F10FA9191039}.Debug|x64.ActiveCfg = Debug|x64
		{D2F629E2-0553-4BE9-BE7A-F10FA9191039}.Debug|x64.Build.0 = Debug|x64
		{D2F629E2-0553-4BE9-BE7A-F10FA9191039}.Debug|x86.ActiveCfg = Debug|Win32
		{D2F629E2-0553-4BE9-BE7A-F10FA9191039}.Debug|x86.Build.0 = Debug|Win32
		{D2F629E2-0553-4BE9-BE7A-F10FA9191039}.Release|x64.ActiveCfg = Release|x64
		{D2F629E2-0553-4BE9-BE7A-F10FA9191039}.Release|x64.Build.0 = Release|x64
		{D2F629E2-0553-4BE9-BE7A-F10FA9191039}.Release|x86.ActiveCfg = Release|Win32
		{D2F629E2-0553-4BE9-BE7A-F10FA9191039}.Release|x86.Build.0 = Release|Win32
	EndGlobalSection
	GlobalSection(SolutionProperties) = preSolution
		HideSolutionNode = FALSE
	EndGlobalSection
	GlobalSection(ExtensibilityGlobals) = postSolution
		SolutionGuid = {1843EDE4-7899-4816-B71A-710FD8F2C5C9}
	EndGlobalSection
EndGlobal
