
Microsoft Visual Studio Solution File, Format Version 11.00
# Visual Studio 15
Project("{8BC9CEB8-8B4A-11D0-8D11-00A0C91BC942}") = "3d", "3d.vcxproj", "{7BFC200F-40B3-4546-964F-DC06256CF238}"
EndProject
Project("{8BC9CEB8-8B4A-11D0-8D11-00A0C91BC942}") = "asyncio", "asyncio.vcxproj", "{02648F4C-53D2-42AD-A176-635A3767CC82}"
EndProject
Project("{8BC9CEB8-8B4A-11D0-8D11-00A0C91BC942}") = "channel_groups", "channel_groups.vcxproj", "{2313801C-33BE-4BA7-9FE8-B16B2D28A1FC}"
EndProject
Project("{8BC9CEB8-8B4A-11D0-8D11-00A0C91BC942}") = "convolution_reverb", "convolution_reverb.vcxproj", "{EC9B8668-22B1-4918-984C-8FE413DC28AC}"
EndProject
Project("{8BC9CEB8-8B4A-11D0-8D11-00A0C91BC942}") = "dsp_custom", "dsp_custom.vcxproj", "{E20C7E20-F126-4A5C-86A8-73AE56A1CDBA}"
EndProject
Project("{8BC9CEB8-8B4A-11D0-8D11-00A0C91BC942}") = "dsp_effect_per_speaker", "dsp_effect_per_speaker.vcxproj", "{237DA9AE-589E-4321-88E6-F017E669C1DF}"
EndProject
Project("{8BC9CEB8-8B4A-11D0-8D11-00A0C91BC942}") = "dsp_inspector", "dsp_inspector.vcxproj", "{278193E9-10FB-4887-B76A-024A7472FE17}"
EndProject
Project("{8BC9CEB8-8B4A-11D0-8D11-00A0C91BC942}") = "effects", "effects.vcxproj", "{639EC19A-BA7D-4802-BB84-B3F5850FD2D2}"
EndProject
Project("{8BC9CEB8-8B4A-11D0-8D11-00A0C91BC942}") = "gapless_playback", "gapless_playback.vcxproj", "{D66633F1-C3E4-4360-81D3-128DD65CE8BF}"
EndProject
Project("{8BC9CEB8-8B4A-11D0-8D11-00A0C91BC942}") = "generate_tone", "generate_tone.vcxproj", "{95FEB4B8-CFEE-45DC-90E8-6D7188178C01}"
EndProject
Project("{8BC9CEB8-8B4A-11D0-8D11-00A0C91BC942}") = "granular_synth", "granular_synth.vcxproj", "{F299EF77-9553-4FC5-A919-FD5FFE3119CA}"
EndProject
Project("{8BC9CEB8-8B4A-11D0-8D11-00A0C91BC942}") = "load_from_memory", "load_from_memory.vcxproj", "{2D3DF77B-B3A9-48DC-BE00-6992A7A91BE7}"
EndProject
Project("{8BC9CEB8-8B4A-11D0-8D11-00A0C91BC942}") = "multiple_speaker", "multiple_speaker.vcxproj", "{DEB076CE-688E-41AD-9326-57B9F0815454}"
EndProject
Project("{8BC9CEB8-8B4A-11D0-8D11-00A0C91BC942}") = "multiple_system", "multiple_system.vcxproj", "{55318911-0C59-401A-98D7-12AABF579539}"
EndProject
Project("{8BC9CEB8-8B4A-11D0-8D11-00A0C91BC942}") = "net_stream", "net_stream.vcxproj", "{C9E96F47-0148-458D-8F85-7ED7CB83EF41}"
EndProject
Project("{8BC9CEB8-8B4A-11D0-8D11-00A0C91BC942}") = "play_sound", "play_sound.vcxproj", "{C7C315D3-6482-4A58-97CD-6824ED25A9C9}"
EndProject
Project("{8BC9CEB8-8B4A-11D0-8D11-00A0C91BC942}") = "play_stream", "play_stream.vcxproj", "{9D0C457D-8B0B-4266-B5C3-AE9ABB629B9B}"
EndProject
Project("{8BC9CEB8-8B4A-11D0-8D11-00A0C91BC942}") = "record", "record.vcxproj", "{E9D1BF77-B542-4A41-A4CC-A14A1CD5240C}"
EndProject
Project("{8BC9CEB8-8B4A-11D0-8D11-00A0C91BC942}") = "record_enumeration", "record_enumeration.vcxproj", "{BB688E93-4FF1-4D38-9FB2-A00835BA6940}"
EndProject
Project("{8BC9CEB8-8B4A-11D0-8D11-00A0C91BC942}") = "user_created_sound", "user_created_sound.vcxproj", "{BB5B5E1F-107A-45EC-A3A3-7AFFE64CB2C1}"
EndProject
Project("{8BC9CEB8-8B4A-11D0-8D11-00A0C91BC942}") = "fmod_codec_raw", "fmod_codec_raw.vcxproj", "{2179079D-224E-4FC8-9271-B28EAA0FBFA2}"
EndProject
Project("{8BC9CEB8-8B4A-11D0-8D11-00A0C91BC942}") = "fmod_distance_filter", "fmod_distance_filter.vcxproj", "{004D7702-2402-4E8C-8766-E5FCA6D33232}"
EndProject
Project("{8BC9CEB8-8B4A-11D0-8D11-00A0C91BC942}") = "fmod_gain", "fmod_gain.vcxproj", "{5439F4D7-C9DF-4E67-B1A6-80B1EFD9198B}"
EndProject
Project("{8BC9CEB8-8B4A-11D0-8D11-00A0C91BC942}") = "fmod_noise", "fmod_noise.vcxproj", "{CBCC358B-CFAE-4929-87F7-28A80FC6E95E}"
EndProject
Project("{8BC9CEB8-8B4A-11D0-8D11-00A0C91BC942}") = "output_mp3", "output_mp3.vcxproj", "{7107C947-AF16-48F9-946F-1EC0EF81F1EF}"
EndProject
Global
	GlobalSection(SolutionConfigurationPlatforms) = preSolution
		Debug|Win32 = Debug|Win32
		Debug|x64 = Debug|x64
		Release|Win32 = Release|Win32
		Release|x64 = Release|x64
	EndGlobalSection
	GlobalSection(ProjectConfigurationPlatforms) = postSolution
		{7BFC200F-40B3-4546-964F-DC06256CF238}.Debug|Win32.ActiveCfg = Debug|Win32
		{7BFC200F-40B3-4546-964F-DC06256CF238}.Debug|Win32.Build.0 = Debug|Win32
		{7BFC200F-40B3-4546-964F-DC06256CF238}.Debug|Win32.Deploy.0 = Debug|Win32
		{7BFC200F-40B3-4546-964F-DC06256CF238}.Debug|x64.ActiveCfg = Debug|x64
		{7BFC200F-40B3-4546-964F-DC06256CF238}.Debug|x64.Build.0 = Debug|x64
		{7BFC200F-40B3-4546-964F-DC06256CF238}.Debug|x64.Deploy.0 = Debug|x64
		{7BFC200F-40B3-4546-964F-DC06256CF238}.Release|Win32.ActiveCfg = Release|Win32
		{7BFC200F-40B3-4546-964F-DC06256CF238}.Release|Win32.Build.0 = Release|Win32
		{7BFC200F-40B3-4546-964F-DC06256CF238}.Release|Win32.Deploy.0 = Release|Win32
		{7BFC200F-40B3-4546-964F-DC06256CF238}.Release|x64.ActiveCfg = Release|x64
		{7BFC200F-40B3-4546-964F-DC06256CF238}.Release|x64.Build.0 = Release|x64
		{7BFC200F-40B3-4546-964F-DC06256CF238}.Release|x64.Deploy.0 = Release|x64
		{02648F4C-53D2-42AD-A176-635A3767CC82}.Debug|Win32.ActiveCfg = Debug|Win32
		{02648F4C-53D2-42AD-A176-635A3767CC82}.Debug|Win32.Build.0 = Debug|Win32
		{02648F4C-53D2-42AD-A176-635A3767CC82}.Debug|Win32.Deploy.0 = Debug|Win32
		{02648F4C-53D2-42AD-A176-635A3767CC82}.Debug|x64.ActiveCfg = Debug|x64
		{02648F4C-53D2-42AD-A176-635A3767CC82}.Debug|x64.Build.0 = Debug|x64
		{02648F4C-53D2-42AD-A176-635A3767CC82}.Debug|x64.Deploy.0 = Debug|x64
		{02648F4C-53D2-42AD-A176-635A3767CC82}.Release|Win32.ActiveCfg = Release|Win32
		{02648F4C-53D2-42AD-A176-635A3767CC82}.Release|Win32.Build.0 = Release|Win32
		{02648F4C-53D2-42AD-A176-635A3767CC82}.Release|Win32.Deploy.0 = Release|Win32
		{02648F4C-53D2-42AD-A176-635A3767CC82}.Release|x64.ActiveCfg = Release|x64
		{02648F4C-53D2-42AD-A176-635A3767CC82}.Release|x64.Build.0 = Release|x64
		{02648F4C-53D2-42AD-A176-635A3767CC82}.Release|x64.Deploy.0 = Release|x64
		{2313801C-33BE-4BA7-9FE8-B16B2D28A1FC}.Debug|Win32.ActiveCfg = Debug|Win32
		{2313801C-33BE-4BA7-9FE8-B16B2D28A1FC}.Debug|Win32.Build.0 = Debug|Win32
		{2313801C-33BE-4BA7-9FE8-B16B2D28A1FC}.Debug|Win32.Deploy.0 = Debug|Win32
		{2313801C-33BE-4BA7-9FE8-B16B2D28A1FC}.Debug|x64.ActiveCfg = Debug|x64
		{2313801C-33BE-4BA7-9FE8-B16B2D28A1FC}.Debug|x64.Build.0 = Debug|x64
		{2313801C-33BE-4BA7-9FE8-B16B2D28A1FC}.Debug|x64.Deploy.0 = Debug|x64
		{2313801C-33BE-4BA7-9FE8-B16B2D28A1FC}.Release|Win32.ActiveCfg = Release|Win32
		{2313801C-33BE-4BA7-9FE8-B16B2D28A1FC}.Release|Win32.Build.0 = Release|Win32
		{2313801C-33BE-4BA7-9FE8-B16B2D28A1FC}.Release|Win32.Deploy.0 = Release|Win32
		{2313801C-33BE-4BA7-9FE8-B16B2D28A1FC}.Release|x64.ActiveCfg = Release|x64
		{2313801C-33BE-4BA7-9FE8-B16B2D28A1FC}.Release|x64.Build.0 = Release|x64
		{2313801C-33BE-4BA7-9FE8-B16B2D28A1FC}.Release|x64.Deploy.0 = Release|x64
		{EC9B8668-22B1-4918-984C-8FE413DC28AC}.Debug|Win32.ActiveCfg = Debug|Win32
		{EC9B8668-22B1-4918-984C-8FE413DC28AC}.Debug|Win32.Build.0 = Debug|Win32
		{EC9B8668-22B1-4918-984C-8FE413DC28AC}.Debug|Win32.Deploy.0 = Debug|Win32
		{EC9B8668-22B1-4918-984C-8FE413DC28AC}.Debug|x64.ActiveCfg = Debug|x64
		{EC9B8668-22B1-4918-984C-8FE413DC28AC}.Debug|x64.Build.0 = Debug|x64
		{EC9B8668-22B1-4918-984C-8FE413DC28AC}.Debug|x64.Deploy.0 = Debug|x64
		{EC9B8668-22B1-4918-984C-8FE413DC28AC}.Release|Win32.ActiveCfg = Release|Win32
		{EC9B8668-22B1-4918-984C-8FE413DC28AC}.Release|Win32.Build.0 = Release|Win32
		{EC9B8668-22B1-4918-984C-8FE413DC28AC}.Release|Win32.Deploy.0 = Release|Win32
		{EC9B8668-22B1-4918-984C-8FE413DC28AC}.Release|x64.ActiveCfg = Release|x64
		{EC9B8668-22B1-4918-984C-8FE413DC28AC}.Release|x64.Build.0 = Release|x64
		{EC9B8668-22B1-4918-984C-8FE413DC28AC}.Release|x64.Deploy.0 = Release|x64
		{E20C7E20-F126-4A5C-86A8-73AE56A1CDBA}.Debug|Win32.ActiveCfg = Debug|Win32
		{E20C7E20-F126-4A5C-86A8-73AE56A1CDBA}.Debug|Win32.Build.0 = Debug|Win32
		{E20C7E20-F126-4A5C-86A8-73AE56A1CDBA}.Debug|Win32.Deploy.0 = Debug|Win32
		{E20C7E20-F126-4A5C-86A8-73AE56A1CDBA}.Debug|x64.ActiveCfg = Debug|x64
		{E20C7E20-F126-4A5C-86A8-73AE56A1CDBA}.Debug|x64.Build.0 = Debug|x64
		{E20C7E20-F126-4A5C-86A8-73AE56A1CDBA}.Debug|x64.Deploy.0 = Debug|x64
		{E20C7E20-F126-4A5C-86A8-73AE56A1CDBA}.Release|Win32.ActiveCfg = Release|Win32
		{E20C7E20-F126-4A5C-86A8-73AE56A1CDBA}.Release|Win32.Build.0 = Release|Win32
		{E20C7E20-F126-4A5C-86A8-73AE56A1CDBA}.Release|Win32.Deploy.0 = Release|Win32
		{E20C7E20-F126-4A5C-86A8-73AE56A1CDBA}.Release|x64.ActiveCfg = Release|x64
		{E20C7E20-F126-4A5C-86A8-73AE56A1CDBA}.Release|x64.Build.0 = Release|x64
		{E20C7E20-F126-4A5C-86A8-73AE56A1CDBA}.Release|x64.Deploy.0 = Release|x64
		{237DA9AE-589E-4321-88E6-F017E669C1DF}.Debug|Win32.ActiveCfg = Debug|Win32
		{237DA9AE-589E-4321-88E6-F017E669C1DF}.Debug|Win32.Build.0 = Debug|Win32
		{237DA9AE-589E-4321-88E6-F017E669C1DF}.Debug|Win32.Deploy.0 = Debug|Win32
		{237DA9AE-589E-4321-88E6-F017E669C1DF}.Debug|x64.ActiveCfg = Debug|x64
		{237DA9AE-589E-4321-88E6-F017E669C1DF}.Debug|x64.Build.0 = Debug|x64
		{237DA9AE-589E-4321-88E6-F017E669C1DF}.Debug|x64.Deploy.0 = Debug|x64
		{237DA9AE-589E-4321-88E6-F017E669C1DF}.Release|Win32.ActiveCfg = Release|Win32
		{237DA9AE-589E-4321-88E6-F017E669C1DF}.Release|Win32.Build.0 = Release|Win32
		{237DA9AE-589E-4321-88E6-F017E669C1DF}.Release|Win32.Deploy.0 = Release|Win32
		{237DA9AE-589E-4321-88E6-F017E669C1DF}.Release|x64.ActiveCfg = Release|x64
		{237DA9AE-589E-4321-88E6-F017E669C1DF}.Release|x64.Build.0 = Release|x64
		{237DA9AE-589E-4321-88E6-F017E669C1DF}.Release|x64.Deploy.0 = Release|x64
		{278193E9-10FB-4887-B76A-024A7472FE17}.Debug|Win32.ActiveCfg = Debug|Win32
		{278193E9-10FB-4887-B76A-024A7472FE17}.Debug|Win32.Build.0 = Debug|Win32
		{278193E9-10FB-4887-B76A-024A7472FE17}.Debug|Win32.Deploy.0 = Debug|Win32
		{278193E9-10FB-4887-B76A-024A7472FE17}.Debug|x64.ActiveCfg = Debug|x64
		{278193E9-10FB-4887-B76A-024A7472FE17}.Debug|x64.Build.0 = Debug|x64
		{278193E9-10FB-4887-B76A-024A7472FE17}.Debug|x64.Deploy.0 = Debug|x64
		{278193E9-10FB-4887-B76A-024A7472FE17}.Release|Win32.ActiveCfg = Release|Win32
		{278193E9-10FB-4887-B76A-024A7472FE17}.Release|Win32.Build.0 = Release|Win32
		{278193E9-10FB-4887-B76A-024A7472FE17}.Release|Win32.Deploy.0 = Release|Win32
		{278193E9-10FB-4887-B76A-024A7472FE17}.Release|x64.ActiveCfg = Release|x64
		{278193E9-10FB-4887-B76A-024A7472FE17}.Release|x64.Build.0 = Release|x64
		{278193E9-10FB-4887-B76A-024A7472FE17}.Release|x64.Deploy.0 = Release|x64
		{639EC19A-BA7D-4802-BB84-B3F5850FD2D2}.Debug|Win32.ActiveCfg = Debug|Win32
		{639EC19A-BA7D-4802-BB84-B3F5850FD2D2}.Debug|Win32.Build.0 = Debug|Win32
		{639EC19A-BA7D-4802-BB84-B3F5850FD2D2}.Debug|Win32.Deploy.0 = Debug|Win32
		{639EC19A-BA7D-4802-BB84-B3F5850FD2D2}.Debug|x64.ActiveCfg = Debug|x64
		{639EC19A-BA7D-4802-BB84-B3F5850FD2D2}.Debug|x64.Build.0 = Debug|x64
		{639EC19A-BA7D-4802-BB84-B3F5850FD2D2}.Debug|x64.Deploy.0 = Debug|x64
		{639EC19A-BA7D-4802-BB84-B3F5850FD2D2}.Release|Win32.ActiveCfg = Release|Win32
		{639EC19A-BA7D-4802-BB84-B3F5850FD2D2}.Release|Win32.Build.0 = Release|Win32
		{639EC19A-BA7D-4802-BB84-B3F5850FD2D2}.Release|Win32.Deploy.0 = Release|Win32
		{639EC19A-BA7D-4802-BB84-B3F5850FD2D2}.Release|x64.ActiveCfg = Release|x64
		{639EC19A-BA7D-4802-BB84-B3F5850FD2D2}.Release|x64.Build.0 = Release|x64
		{639EC19A-BA7D-4802-BB84-B3F5850FD2D2}.Release|x64.Deploy.0 = Release|x64
		{D66633F1-C3E4-4360-81D3-128DD65CE8BF}.Debug|Win32.ActiveCfg = Debug|Win32
		{D66633F1-C3E4-4360-81D3-128DD65CE8BF}.Debug|Win32.Build.0 = Debug|Win32
		{D66633F1-C3E4-4360-81D3-128DD65CE8BF}.Debug|Win32.Deploy.0 = Debug|Win32
		{D66633F1-C3E4-4360-81D3-128DD65CE8BF}.Debug|x64.ActiveCfg = Debug|x64
		{D66633F1-C3E4-4360-81D3-128DD65CE8BF}.Debug|x64.Build.0 = Debug|x64
		{D66633F1-C3E4-4360-81D3-128DD65CE8BF}.Debug|x64.Deploy.0 = Debug|x64
		{D66633F1-C3E4-4360-81D3-128DD65CE8BF}.Release|Win32.ActiveCfg = Release|Win32
		{D66633F1-C3E4-4360-81D3-128DD65CE8BF}.Release|Win32.Build.0 = Release|Win32
		{D66633F1-C3E4-4360-81D3-128DD65CE8BF}.Release|Win32.Deploy.0 = Release|Win32
		{D66633F1-C3E4-4360-81D3-128DD65CE8BF}.Release|x64.ActiveCfg = Release|x64
		{D66633F1-C3E4-4360-81D3-128DD65CE8BF}.Release|x64.Build.0 = Release|x64
		{D66633F1-C3E4-4360-81D3-128DD65CE8BF}.Release|x64.Deploy.0 = Release|x64
		{95FEB4B8-CFEE-45DC-90E8-6D7188178C01}.Debug|Win32.ActiveCfg = Debug|Win32
		{95FEB4B8-CFEE-45DC-90E8-6D7188178C01}.Debug|Win32.Build.0 = Debug|Win32
		{95FEB4B8-CFEE-45DC-90E8-6D7188178C01}.Debug|Win32.Deploy.0 = Debug|Win32
		{95FEB4B8-CFEE-45DC-90E8-6D7188178C01}.Debug|x64.ActiveCfg = Debug|x64
		{95FEB4B8-CFEE-45DC-90E8-6D7188178C01}.Debug|x64.Build.0 = Debug|x64
		{95FEB4B8-CFEE-45DC-90E8-6D7188178C01}.Debug|x64.Deploy.0 = Debug|x64
		{95FEB4B8-CFEE-45DC-90E8-6D7188178C01}.Release|Win32.ActiveCfg = Release|Win32
		{95FEB4B8-CFEE-45DC-90E8-6D7188178C01}.Release|Win32.Build.0 = Release|Win32
		{95FEB4B8-CFEE-45DC-90E8-6D7188178C01}.Release|Win32.Deploy.0 = Release|Win32
		{95FEB4B8-CFEE-45DC-90E8-6D7188178C01}.Release|x64.ActiveCfg = Release|x64
		{95FEB4B8-CFEE-45DC-90E8-6D7188178C01}.Release|x64.Build.0 = Release|x64
		{95FEB4B8-CFEE-45DC-90E8-6D7188178C01}.Release|x64.Deploy.0 = Release|x64
		{F299EF77-9553-4FC5-A919-FD5FFE3119CA}.Debug|Win32.ActiveCfg = Debug|Win32
		{F299EF77-9553-4FC5-A919-FD5FFE3119CA}.Debug|Win32.Build.0 = Debug|Win32
		{F299EF77-9553-4FC5-A919-FD5FFE3119CA}.Debug|Win32.Deploy.0 = Debug|Win32
		{F299EF77-9553-4FC5-A919-FD5FFE3119CA}.Debug|x64.ActiveCfg = Debug|x64
		{F299EF77-9553-4FC5-A919-FD5FFE3119CA}.Debug|x64.Build.0 = Debug|x64
		{F299EF77-9553-4FC5-A919-FD5FFE3119CA}.Debug|x64.Deploy.0 = Debug|x64
		{F299EF77-9553-4FC5-A919-FD5FFE3119CA}.Release|Win32.ActiveCfg = Release|Win32
		{F299EF77-9553-4FC5-A919-FD5FFE3119CA}.Release|Win32.Build.0 = Release|Win32
		{F299EF77-9553-4FC5-A919-FD5FFE3119CA}.Release|Win32.Deploy.0 = Release|Win32
		{F299EF77-9553-4FC5-A919-FD5FFE3119CA}.Release|x64.ActiveCfg = Release|x64
		{F299EF77-9553-4FC5-A919-FD5FFE3119CA}.Release|x64.Build.0 = Release|x64
		{F299EF77-9553-4FC5-A919-FD5FFE3119CA}.Release|x64.Deploy.0 = Release|x64
		{2D3DF77B-B3A9-48DC-BE00-6992A7A91BE7}.Debug|Win32.ActiveCfg = Debug|Win32
		{2D3DF77B-B3A9-48DC-BE00-6992A7A91BE7}.Debug|Win32.Build.0 = Debug|Win32
		{2D3DF77B-B3A9-48DC-BE00-6992A7A91BE7}.Debug|Win32.Deploy.0 = Debug|Win32
		{2D3DF77B-B3A9-48DC-BE00-6992A7A91BE7}.Debug|x64.ActiveCfg = Debug|x64
		{2D3DF77B-B3A9-48DC-BE00-6992A7A91BE7}.Debug|x64.Build.0 = Debug|x64
		{2D3DF77B-B3A9-48DC-BE00-6992A7A91BE7}.Debug|x64.Deploy.0 = Debug|x64
		{2D3DF77B-B3A9-48DC-BE00-6992A7A91BE7}.Release|Win32.ActiveCfg = Release|Win32
		{2D3DF77B-B3A9-48DC-BE00-6992A7A91BE7}.Release|Win32.Build.0 = Release|Win32
		{2D3DF77B-B3A9-48DC-BE00-6992A7A91BE7}.Release|Win32.Deploy.0 = Release|Win32
		{2D3DF77B-B3A9-48DC-BE00-6992A7A91BE7}.Release|x64.ActiveCfg = Release|x64
		{2D3DF77B-B3A9-48DC-BE00-6992A7A91BE7}.Release|x64.Build.0 = Release|x64
		{2D3DF77B-B3A9-48DC-BE00-6992A7A91BE7}.Release|x64.Deploy.0 = Release|x64
		{DEB076CE-688E-41AD-9326-57B9F0815454}.Debug|Win32.ActiveCfg = Debug|Win32
		{DEB076CE-688E-41AD-9326-57B9F0815454}.Debug|Win32.Build.0 = Debug|Win32
		{DEB076CE-688E-41AD-9326-57B9F0815454}.Debug|Win32.Deploy.0 = Debug|Win32
		{DEB076CE-688E-41AD-9326-57B9F0815454}.Debug|x64.ActiveCfg = Debug|x64
		{DEB076CE-688E-41AD-9326-57B9F0815454}.Debug|x64.Build.0 = Debug|x64
		{DEB076CE-688E-41AD-9326-57B9F0815454}.Debug|x64.Deploy.0 = Debug|x64
		{DEB076CE-688E-41AD-9326-57B9F0815454}.Release|Win32.ActiveCfg = Release|Win32
		{DEB076CE-688E-41AD-9326-57B9F0815454}.Release|Win32.Build.0 = Release|Win32
		{DEB076CE-688E-41AD-9326-57B9F0815454}.Release|Win32.Deploy.0 = Release|Win32
		{DEB076CE-688E-41AD-9326-57B9F0815454}.Release|x64.ActiveCfg = Release|x64
		{DEB076CE-688E-41AD-9326-57B9F0815454}.Release|x64.Build.0 = Release|x64
		{DEB076CE-688E-41AD-9326-57B9F0815454}.Release|x64.Deploy.0 = Release|x64
		{55318911-0C59-401A-98D7-12AABF579539}.Debug|Win32.ActiveCfg = Debug|Win32
		{55318911-0C59-401A-98D7-12AABF579539}.Debug|Win32.Build.0 = Debug|Win32
		{55318911-0C59-401A-98D7-12AABF579539}.Debug|Win32.Deploy.0 = Debug|Win32
		{55318911-0C59-401A-98D7-12AABF579539}.Debug|x64.ActiveCfg = Debug|x64
		{55318911-0C59-401A-98D7-12AABF579539}.Debug|x64.Build.0 = Debug|x64
		{55318911-0C59-401A-98D7-12AABF579539}.Debug|x64.Deploy.0 = Debug|x64
		{55318911-0C59-401A-98D7-12AABF579539}.Release|Win32.ActiveCfg = Release|Win32
		{55318911-0C59-401A-98D7-12AABF579539}.Release|Win32.Build.0 = Release|Win32
		{55318911-0C59-401A-98D7-12AABF579539}.Release|Win32.Deploy.0 = Release|Win32
		{55318911-0C59-401A-98D7-12AABF579539}.Release|x64.ActiveCfg = Release|x64
		{55318911-0C59-401A-98D7-12AABF579539}.Release|x64.Build.0 = Release|x64
		{55318911-0C59-401A-98D7-12AABF579539}.Release|x64.Deploy.0 = Release|x64
		{C9E96F47-0148-458D-8F85-7ED7CB83EF41}.Debug|Win32.ActiveCfg = Debug|Win32
		{C9E96F47-0148-458D-8F85-7ED7CB83EF41}.Debug|Win32.Build.0 = Debug|Win32
		{C9E96F47-0148-458D-8F85-7ED7CB83EF41}.Debug|Win32.Deploy.0 = Debug|Win32
		{C9E96F47-0148-458D-8F85-7ED7CB83EF41}.Debug|x64.ActiveCfg = Debug|x64
		{C9E96F47-0148-458D-8F85-7ED7CB83EF41}.Debug|x64.Build.0 = Debug|x64
		{C9E96F47-0148-458D-8F85-7ED7CB83EF41}.Debug|x64.Deploy.0 = Debug|x64
		{C9E96F47-0148-458D-8F85-7ED7CB83EF41}.Release|Win32.ActiveCfg = Release|Win32
		{C9E96F47-0148-458D-8F85-7ED7CB83EF41}.Release|Win32.Build.0 = Release|Win32
		{C9E96F47-0148-458D-8F85-7ED7CB83EF41}.Release|Win32.Deploy.0 = Release|Win32
		{C9E96F47-0148-458D-8F85-7ED7CB83EF41}.Release|x64.ActiveCfg = Release|x64
		{C9E96F47-0148-458D-8F85-7ED7CB83EF41}.Release|x64.Build.0 = Release|x64
		{C9E96F47-0148-458D-8F85-7ED7CB83EF41}.Release|x64.Deploy.0 = Release|x64
		{C7C315D3-6482-4A58-97CD-6824ED25A9C9}.Debug|Win32.ActiveCfg = Debug|Win32
		{C7C315D3-6482-4A58-97CD-6824ED25A9C9}.Debug|Win32.Build.0 = Debug|Win32
		{C7C315D3-6482-4A58-97CD-6824ED25A9C9}.Debug|Win32.Deploy.0 = Debug|Win32
		{C7C315D3-6482-4A58-97CD-6824ED25A9C9}.Debug|x64.ActiveCfg = Debug|x64
		{C7C315D3-6482-4A58-97CD-6824ED25A9C9}.Debug|x64.Build.0 = Debug|x64
		{C7C315D3-6482-4A58-97CD-6824ED25A9C9}.Debug|x64.Deploy.0 = Debug|x64
		{C7C315D3-6482-4A58-97CD-6824ED25A9C9}.Release|Win32.ActiveCfg = Release|Win32
		{C7C315D3-6482-4A58-97CD-6824ED25A9C9}.Release|Win32.Build.0 = Release|Win32
		{C7C315D3-6482-4A58-97CD-6824ED25A9C9}.Release|Win32.Deploy.0 = Release|Win32
		{C7C315D3-6482-4A58-97CD-6824ED25A9C9}.Release|x64.ActiveCfg = Release|x64
		{C7C315D3-6482-4A58-97CD-6824ED25A9C9}.Release|x64.Build.0 = Release|x64
		{C7C315D3-6482-4A58-97CD-6824ED25A9C9}.Release|x64.Deploy.0 = Release|x64
		{9D0C457D-8B0B-4266-B5C3-AE9ABB629B9B}.Debug|Win32.ActiveCfg = Debug|Win32
		{9D0C457D-8B0B-4266-B5C3-AE9ABB629B9B}.Debug|Win32.Build.0 = Debug|Win32
		{9D0C457D-8B0B-4266-B5C3-AE9ABB629B9B}.Debug|Win32.Deploy.0 = Debug|Win32
		{9D0C457D-8B0B-4266-B5C3-AE9ABB629B9B}.Debug|x64.ActiveCfg = Debug|x64
		{9D0C457D-8B0B-4266-B5C3-AE9ABB629B9B}.Debug|x64.Build.0 = Debug|x64
		{9D0C457D-8B0B-4266-B5C3-AE9ABB629B9B}.Debug|x64.Deploy.0 = Debug|x64
		{9D0C457D-8B0B-4266-B5C3-AE9ABB629B9B}.Release|Win32.ActiveCfg = Release|Win32
		{9D0C457D-8B0B-4266-B5C3-AE9ABB629B9B}.Release|Win32.Build.0 = Release|Win32
		{9D0C457D-8B0B-4266-B5C3-AE9ABB629B9B}.Release|Win32.Deploy.0 = Release|Win32
		{9D0C457D-8B0B-4266-B5C3-AE9ABB629B9B}.Release|x64.ActiveCfg = Release|x64
		{9D0C457D-8B0B-4266-B5C3-AE9ABB629B9B}.Release|x64.Build.0 = Release|x64
		{9D0C457D-8B0B-4266-B5C3-AE9ABB629B9B}.Release|x64.Deploy.0 = Release|x64
		{E9D1BF77-B542-4A41-A4CC-A14A1CD5240C}.Debug|Win32.ActiveCfg = Debug|Win32
		{E9D1BF77-B542-4A41-A4CC-A14A1CD5240C}.Debug|Win32.Build.0 = Debug|Win32
		{E9D1BF77-B542-4A41-A4CC-A14A1CD5240C}.Debug|Win32.Deploy.0 = Debug|Win32
		{E9D1BF77-B542-4A41-A4CC-A14A1CD5240C}.Debug|x64.ActiveCfg = Debug|x64
		{E9D1BF77-B542-4A41-A4CC-A14A1CD5240C}.Debug|x64.Build.0 = Debug|x64
		{E9D1BF77-B542-4A41-A4CC-A14A1CD5240C}.Debug|x64.Deploy.0 = Debug|x64
		{E9D1BF77-B542-4A41-A4CC-A14A1CD5240C}.Release|Win32.ActiveCfg = Release|Win32
		{E9D1BF77-B542-4A41-A4CC-A14A1CD5240C}.Release|Win32.Build.0 = Release|Win32
		{E9D1BF77-B542-4A41-A4CC-A14A1CD5240C}.Release|Win32.Deploy.0 = Release|Win32
		{E9D1BF77-B542-4A41-A4CC-A14A1CD5240C}.Release|x64.ActiveCfg = Release|x64
		{E9D1BF77-B542-4A41-A4CC-A14A1CD5240C}.Release|x64.Build.0 = Release|x64
		{E9D1BF77-B542-4A41-A4CC-A14A1CD5240C}.Release|x64.Deploy.0 = Release|x64
		{BB688E93-4FF1-4D38-9FB2-A00835BA6940}.Debug|Win32.ActiveCfg = Debug|Win32
		{BB688E93-4FF1-4D38-9FB2-A00835BA6940}.Debug|Win32.Build.0 = Debug|Win32
		{BB688E93-4FF1-4D38-9FB2-A00835BA6940}.Debug|Win32.Deploy.0 = Debug|Win32
		{BB688E93-4FF1-4D38-9FB2-A00835BA6940}.Debug|x64.ActiveCfg = Debug|x64
		{BB688E93-4FF1-4D38-9FB2-A00835BA6940}.Debug|x64.Build.0 = Debug|x64
		{BB688E93-4FF1-4D38-9FB2-A00835BA6940}.Debug|x64.Deploy.0 = Debug|x64
		{BB688E93-4FF1-4D38-9FB2-A00835BA6940}.Release|Win32.ActiveCfg = Release|Win32
		{BB688E93-4FF1-4D38-9FB2-A00835BA6940}.Release|Win32.Build.0 = Release|Win32
		{BB688E93-4FF1-4D38-9FB2-A00835BA6940}.Release|Win32.Deploy.0 = Release|Win32
		{BB688E93-4FF1-4D38-9FB2-A00835BA6940}.Release|x64.ActiveCfg = Release|x64
		{BB688E93-4FF1-4D38-9FB2-A00835BA6940}.Release|x64.Build.0 = Release|x64
		{BB688E93-4FF1-4D38-9FB2-A00835BA6940}.Release|x64.Deploy.0 = Release|x64
		{BB5B5E1F-107A-45EC-A3A3-7AFFE64CB2C1}.Debug|Win32.ActiveCfg = Debug|Win32
		{BB5B5E1F-107A-45EC-A3A3-7AFFE64CB2C1}.Debug|Win32.Build.0 = Debug|Win32
		{BB5B5E1F-107A-45EC-A3A3-7AFFE64CB2C1}.Debug|Win32.Deploy.0 = Debug|Win32
		{BB5B5E1F-107A-45EC-A3A3-7AFFE64CB2C1}.Debug|x64.ActiveCfg = Debug|x64
		{BB5B5E1F-107A-45EC-A3A3-7AFFE64CB2C1}.Debug|x64.Build.0 = Debug|x64
		{BB5B5E1F-107A-45EC-A3A3-7AFFE64CB2C1}.Debug|x64.Deploy.0 = Debug|x64
		{BB5B5E1F-107A-45EC-A3A3-7AFFE64CB2C1}.Release|Win32.ActiveCfg = Release|Win32
		{BB5B5E1F-107A-45EC-A3A3-7AFFE64CB2C1}.Release|Win32.Build.0 = Release|Win32
		{BB5B5E1F-107A-45EC-A3A3-7AFFE64CB2C1}.Release|Win32.Deploy.0 = Release|Win32
		{BB5B5E1F-107A-45EC-A3A3-7AFFE64CB2C1}.Release|x64.ActiveCfg = Release|x64
		{BB5B5E1F-107A-45EC-A3A3-7AFFE64CB2C1}.Release|x64.Build.0 = Release|x64
		{BB5B5E1F-107A-45EC-A3A3-7AFFE64CB2C1}.Release|x64.Deploy.0 = Release|x64
		{2179079D-224E-4FC8-9271-B28EAA0FBFA2}.Debug|Win32.ActiveCfg = Debug|Win32
		{2179079D-224E-4FC8-9271-B28EAA0FBFA2}.Debug|Win32.Build.0 = Debug|Win32
		{2179079D-224E-4FC8-9271-B28EAA0FBFA2}.Debug|Win32.Deploy.0 = Debug|Win32
		{2179079D-224E-4FC8-9271-B28EAA0FBFA2}.Debug|x64.ActiveCfg = Debug|x64
		{2179079D-224E-4FC8-9271-B28EAA0FBFA2}.Debug|x64.Build.0 = Debug|x64
		{2179079D-224E-4FC8-9271-B28EAA0FBFA2}.Debug|x64.Deploy.0 = Debug|x64
		{2179079D-224E-4FC8-9271-B28EAA0FBFA2}.Release|Win32.ActiveCfg = Release|Win32
		{2179079D-224E-4FC8-9271-B28EAA0FBFA2}.Release|Win32.Build.0 = Release|Win32
		{2179079D-224E-4FC8-9271-B28EAA0FBFA2}.Release|Win32.Deploy.0 = Release|Win32
		{2179079D-224E-4FC8-9271-B28EAA0FBFA2}.Release|x64.ActiveCfg = Release|x64
		{2179079D-224E-4FC8-9271-B28EAA0FBFA2}.Release|x64.Build.0 = Release|x64
		{2179079D-224E-4FC8-9271-B28EAA0FBFA2}.Release|x64.Deploy.0 = Release|x64
		{004D7702-2402-4E8C-8766-E5FCA6D33232}.Debug|Win32.ActiveCfg = Debug|Win32
		{004D7702-2402-4E8C-8766-E5FCA6D33232}.Debug|Win32.Build.0 = Debug|Win32
		{004D7702-2402-4E8C-8766-E5FCA6D33232}.Debug|Win32.Deploy.0 = Debug|Win32
		{004D7702-2402-4E8C-8766-E5FCA6D33232}.Debug|x64.ActiveCfg = Debug|x64
		{004D7702-2402-4E8C-8766-E5FCA6D33232}.Debug|x64.Build.0 = Debug|x64
		{004D7702-2402-4E8C-8766-E5FCA6D33232}.Debug|x64.Deploy.0 = Debug|x64
		{004D7702-2402-4E8C-8766-E5FCA6D33232}.Release|Win32.ActiveCfg = Release|Win32
		{004D7702-2402-4E8C-8766-E5FCA6D33232}.Release|Win32.Build.0 = Release|Win32
		{004D7702-2402-4E8C-8766-E5FCA6D33232}.Release|Win32.Deploy.0 = Release|Win32
		{004D7702-2402-4E8C-8766-E5FCA6D33232}.Release|x64.ActiveCfg = Release|x64
		{004D7702-2402-4E8C-8766-E5FCA6D33232}.Release|x64.Build.0 = Release|x64
		{004D7702-2402-4E8C-8766-E5FCA6D33232}.Release|x64.Deploy.0 = Release|x64
		{5439F4D7-C9DF-4E67-B1A6-80B1EFD9198B}.Debug|Win32.ActiveCfg = Debug|Win32
		{5439F4D7-C9DF-4E67-B1A6-80B1EFD9198B}.Debug|Win32.Build.0 = Debug|Win32
		{5439F4D7-C9DF-4E67-B1A6-80B1EFD9198B}.Debug|Win32.Deploy.0 = Debug|Win32
		{5439F4D7-C9DF-4E67-B1A6-80B1EFD9198B}.Debug|x64.ActiveCfg = Debug|x64
		{5439F4D7-C9DF-4E67-B1A6-80B1EFD9198B}.Debug|x64.Build.0 = Debug|x64
		{5439F4D7-C9DF-4E67-B1A6-80B1EFD9198B}.Debug|x64.Deploy.0 = Debug|x64
		{5439F4D7-C9DF-4E67-B1A6-80B1EFD9198B}.Release|Win32.ActiveCfg = Release|Win32
		{5439F4D7-C9DF-4E67-B1A6-80B1EFD9198B}.Release|Win32.Build.0 = Release|Win32
		{5439F4D7-C9DF-4E67-B1A6-80B1EFD9198B}.Release|Win32.Deploy.0 = Release|Win32
		{5439F4D7-C9DF-4E67-B1A6-80B1EFD9198B}.Release|x64.ActiveCfg = Release|x64
		{5439F4D7-C9DF-4E67-B1A6-80B1EFD9198B}.Release|x64.Build.0 = Release|x64
		{5439F4D7-C9DF-4E67-B1A6-80B1EFD9198B}.Release|x64.Deploy.0 = Release|x64
		{CBCC358B-CFAE-4929-87F7-28A80FC6E95E}.Debug|Win32.ActiveCfg = Debug|Win32
		{CBCC358B-CFAE-4929-87F7-28A80FC6E95E}.Debug|Win32.Build.0 = Debug|Win32
		{CBCC358B-CFAE-4929-87F7-28A80FC6E95E}.Debug|Win32.Deploy.0 = Debug|Win32
		{CBCC358B-CFAE-4929-87F7-28A80FC6E95E}.Debug|x64.ActiveCfg = Debug|x64
		{CBCC358B-CFAE-4929-87F7-28A80FC6E95E}.Debug|x64.Build.0 = Debug|x64
		{CBCC358B-CFAE-4929-87F7-28A80FC6E95E}.Debug|x64.Deploy.0 = Debug|x64
		{CBCC358B-CFAE-4929-87F7-28A80FC6E95E}.Release|Win32.ActiveCfg = Release|Win32
		{CBCC358B-CFAE-4929-87F7-28A80FC6E95E}.Release|Win32.Build.0 = Release|Win32
		{CBCC358B-CFAE-4929-87F7-28A80FC6E95E}.Release|Win32.Deploy.0 = Release|Win32
		{CBCC358B-CFAE-4929-87F7-28A80FC6E95E}.Release|x64.ActiveCfg = Release|x64
		{CBCC358B-CFAE-4929-87F7-28A80FC6E95E}.Release|x64.Build.0 = Release|x64
		{CBCC358B-CFAE-4929-87F7-28A80FC6E95E}.Release|x64.Deploy.0 = Release|x64
		{7107C947-AF16-48F9-946F-1EC0EF81F1EF}.Debug|Win32.ActiveCfg = Debug|Win32
		{7107C947-AF16-48F9-946F-1EC0EF81F1EF}.Debug|Win32.Build.0 = Debug|Win32
		{7107C947-AF16-48F9-946F-1EC0EF81F1EF}.Debug|Win32.Deploy.0 = Debug|Win32
		{7107C947-AF16-48F9-946F-1EC0EF81F1EF}.Debug|x64.ActiveCfg = Debug|x64
		{7107C947-AF16-48F9-946F-1EC0EF81F1EF}.Debug|x64.Build.0 = Debug|x64
		{7107C947-AF16-48F9-946F-1EC0EF81F1EF}.Debug|x64.Deploy.0 = Debug|x64
		{7107C947-AF16-48F9-946F-1EC0EF81F1EF}.Release|Win32.ActiveCfg = Release|Win32
		{7107C947-AF16-48F9-946F-1EC0EF81F1EF}.Release|Win32.Build.0 = Release|Win32
		{7107C947-AF16-48F9-946F-1EC0EF81F1EF}.Release|Win32.Deploy.0 = Release|Win32
		{7107C947-AF16-48F9-946F-1EC0EF81F1EF}.Release|x64.ActiveCfg = Release|x64
		{7107C947-AF16-48F9-946F-1EC0EF81F1EF}.Release|x64.Build.0 = Release|x64
		{7107C947-AF16-48F9-946F-1EC0EF81F1EF}.Release|x64.Deploy.0 = Release|x64
	EndGlobalSection
	GlobalSection(SolutionProperties) = preSolution
		HideSolutionNode = FALSE
	EndGlobalSection
EndGlobal
