
Microsoft Visual Studio Solution File, Format Version 11.00
# Visual Studio Version 16
Project("{8BC9CEB8-8B4A-11D0-8D11-00A0C91BC942}") = "3d", "3d.vcxproj", "{933E8F63-CAAA-4014-887F-F989BB7F1AD3}"
EndProject
Project("{8BC9CEB8-8B4A-11D0-8D11-00A0C91BC942}") = "asyncio", "asyncio.vcxproj", "{28B6F8AC-A0C8-4752-9DEC-9C05B4CD272C}"
EndProject
Project("{8BC9CEB8-8B4A-11D0-8D11-00A0C91BC942}") = "channel_groups", "channel_groups.vcxproj", "{B1AFBFEF-2C07-4FFB-93AC-25453C255E37}"
EndProject
Project("{8BC9CEB8-8B4A-11D0-8D11-00A0C91BC942}") = "convolution_reverb", "convolution_reverb.vcxproj", "{DC74F08C-75CB-422C-A676-DC55B25C5C02}"
EndProject
Project("{8BC9CEB8-8B4A-11D0-8D11-00A0C91BC942}") = "dsp_custom", "dsp_custom.vcxproj", "{38731EA1-AD14-4F36-97E6-EA2F8EF59072}"
EndProject
Project("{8BC9CEB8-8B4A-11D0-8D11-00A0C91BC942}") = "dsp_effect_per_speaker", "dsp_effect_per_speaker.vcxproj", "{7F20492B-A871-4FE4-9FCF-048F2EAC6C82}"
EndProject
Project("{8BC9CEB8-8B4A-11D0-8D11-00A0C91BC942}") = "dsp_inspector", "dsp_inspector.vcxproj", "{0C6DC913-C0B4-4940-B906-A0A04D20C64D}"
EndProject
Project("{8BC9CEB8-8B4A-11D0-8D11-00A0C91BC942}") = "effects", "effects.vcxproj", "{42EA8003-CFE9-444B-BFA0-64393715BC9A}"
EndProject
Project("{8BC9CEB8-8B4A-11D0-8D11-00A0C91BC942}") = "gapless_playback", "gapless_playback.vcxproj", "{8EC3B1D7-7172-4CD3-842B-A61D9AE891C7}"
EndProject
Project("{8BC9CEB8-8B4A-11D0-8D11-00A0C91BC942}") = "generate_tone", "generate_tone.vcxproj", "{89737B3D-F98D-4881-8B55-3D9640995158}"
EndProject
Project("{8BC9CEB8-8B4A-11D0-8D11-00A0C91BC942}") = "granular_synth", "granular_synth.vcxproj", "{D7B07CDD-047D-4EA5-A445-232532837199}"
EndProject
Project("{8BC9CEB8-8B4A-11D0-8D11-00A0C91BC942}") = "load_from_memory", "load_from_memory.vcxproj", "{A95A787E-9DE7-49F1-BD0D-445B3251834F}"
EndProject
Project("{8BC9CEB8-8B4A-11D0-8D11-00A0C91BC942}") = "multiple_speaker", "multiple_speaker.vcxproj", "{42799A5B-5973-4246-B481-4A0007E5E670}"
EndProject
Project("{8BC9CEB8-8B4A-11D0-8D11-00A0C91BC942}") = "multiple_system", "multiple_system.vcxproj", "{2E7BF7D2-6447-442C-9707-35DBF644CFD6}"
EndProject
Project("{8BC9CEB8-8B4A-11D0-8D11-00A0C91BC942}") = "net_stream", "net_stream.vcxproj", "{03949A98-AAD3-4511-BDA0-1917CD69E574}"
EndProject
Project("{8BC9CEB8-8B4A-11D0-8D11-00A0C91BC942}") = "play_sound", "play_sound.vcxproj", "{863CFE10-3BBB-428E-9C5F-2AA14E09EA8A}"
EndProject
Project("{8BC9CEB8-8B4A-11D0-8D11-00A0C91BC942}") = "play_stream", "play_stream.vcxproj", "{00917E98-8D2C-49DB-845C-16EEE022D374}"
EndProject
Project("{8BC9CEB8-8B4A-11D0-8D11-00A0C91BC942}") = "record", "record.vcxproj", "{52C1FCCF-64D9-4A0E-9EAA-646DD38A20E8}"
EndProject
Project("{8BC9CEB8-8B4A-11D0-8D11-00A0C91BC942}") = "record_enumeration", "record_enumeration.vcxproj", "{CC9162E7-B245-405F-9312-60D8030C7690}"
EndProject
Project("{8BC9CEB8-8B4A-11D0-8D11-00A0C91BC942}") = "user_created_sound", "user_created_sound.vcxproj", "{5B729A32-24F3-44B1-820D-EA81416673A7}"
EndProject
Project("{8BC9CEB8-8B4A-11D0-8D11-00A0C91BC942}") = "fmod_codec_raw", "fmod_codec_raw.vcxproj", "{773206E0-3E51-4235-9274-1701C0667278}"
EndProject
Project("{8BC9CEB8-8B4A-11D0-8D11-00A0C91BC942}") = "fmod_distance_filter", "fmod_distance_filter.vcxproj", "{84C136C2-EB5E-4EA3-B658-9519AC96B791}"
EndProject
Project("{8BC9CEB8-8B4A-11D0-8D11-00A0C91BC942}") = "fmod_gain", "fmod_gain.vcxproj", "{57FBFA1F-4FE8-4D0A-BDC1-4FA2F8ADFB2A}"
EndProject
Project("{8BC9CEB8-8B4A-11D0-8D11-00A0C91BC942}") = "fmod_noise", "fmod_noise.vcxproj", "{70C085C1-85B1-4707-B497-06A22BB8653F}"
EndProject
Project("{8BC9CEB8-8B4A-11D0-8D11-00A0C91BC942}") = "output_mp3", "output_mp3.vcxproj", "{657BC4BA-9C08-4F35-8420-D01696D0BAB0}"
EndProject
Global
	GlobalSection(SolutionConfigurationPlatforms) = preSolution
		Debug|Win32 = Debug|Win32
		Debug|x64 = Debug|x64
		Release|Win32 = Release|Win32
		Release|x64 = Release|x64
	EndGlobalSection
	GlobalSection(ProjectConfigurationPlatforms) = postSolution
		{933E8F63-CAAA-4014-887F-F989BB7F1AD3}.Debug|Win32.ActiveCfg = Debug|Win32
		{933E8F63-CAAA-4014-887F-F989BB7F1AD3}.Debug|Win32.Build.0 = Debug|Win32
		{933E8F63-CAAA-4014-887F-F989BB7F1AD3}.Debug|Win32.Deploy.0 = Debug|Win32
		{933E8F63-CAAA-4014-887F-F989BB7F1AD3}.Debug|x64.ActiveCfg = Debug|x64
		{933E8F63-CAAA-4014-887F-F989BB7F1AD3}.Debug|x64.Build.0 = Debug|x64
		{933E8F63-CAAA-4014-887F-F989BB7F1AD3}.Debug|x64.Deploy.0 = Debug|x64
		{933E8F63-CAAA-4014-887F-F989BB7F1AD3}.Release|Win32.ActiveCfg = Release|Win32
		{933E8F63-CAAA-4014-887F-F989BB7F1AD3}.Release|Win32.Build.0 = Release|Win32
		{933E8F63-CAAA-4014-887F-F989BB7F1AD3}.Release|Win32.Deploy.0 = Release|Win32
		{933E8F63-CAAA-4014-887F-F989BB7F1AD3}.Release|x64.ActiveCfg = Release|x64
		{933E8F63-CAAA-4014-887F-F989BB7F1AD3}.Release|x64.Build.0 = Release|x64
		{933E8F63-CAAA-4014-887F-F989BB7F1AD3}.Release|x64.Deploy.0 = Release|x64
		{28B6F8AC-A0C8-4752-9DEC-9C05B4CD272C}.Debug|Win32.ActiveCfg = Debug|Win32
		{28B6F8AC-A0C8-4752-9DEC-9C05B4CD272C}.Debug|Win32.Build.0 = Debug|Win32
		{28B6F8AC-A0C8-4752-9DEC-9C05B4CD272C}.Debug|Win32.Deploy.0 = Debug|Win32
		{28B6F8AC-A0C8-4752-9DEC-9C05B4CD272C}.Debug|x64.ActiveCfg = Debug|x64
		{28B6F8AC-A0C8-4752-9DEC-9C05B4CD272C}.Debug|x64.Build.0 = Debug|x64
		{28B6F8AC-A0C8-4752-9DEC-9C05B4CD272C}.Debug|x64.Deploy.0 = Debug|x64
		{28B6F8AC-A0C8-4752-9DEC-9C05B4CD272C}.Release|Win32.ActiveCfg = Release|Win32
		{28B6F8AC-A0C8-4752-9DEC-9C05B4CD272C}.Release|Win32.Build.0 = Release|Win32
		{28B6F8AC-A0C8-4752-9DEC-9C05B4CD272C}.Release|Win32.Deploy.0 = Release|Win32
		{28B6F8AC-A0C8-4752-9DEC-9C05B4CD272C}.Release|x64.ActiveCfg = Release|x64
		{28B6F8AC-A0C8-4752-9DEC-9C05B4CD272C}.Release|x64.Build.0 = Release|x64
		{28B6F8AC-A0C8-4752-9DEC-9C05B4CD272C}.Release|x64.Deploy.0 = Release|x64
		{B1AFBFEF-2C07-4FFB-93AC-25453C255E37}.Debug|Win32.ActiveCfg = Debug|Win32
		{B1AFBFEF-2C07-4FFB-93AC-25453C255E37}.Debug|Win32.Build.0 = Debug|Win32
		{B1AFBFEF-2C07-4FFB-93AC-25453C255E37}.Debug|Win32.Deploy.0 = Debug|Win32
		{B1AFBFEF-2C07-4FFB-93AC-25453C255E37}.Debug|x64.ActiveCfg = Debug|x64
		{B1AFBFEF-2C07-4FFB-93AC-25453C255E37}.Debug|x64.Build.0 = Debug|x64
		{B1AFBFEF-2C07-4FFB-93AC-25453C255E37}.Debug|x64.Deploy.0 = Debug|x64
		{B1AFBFEF-2C07-4FFB-93AC-25453C255E37}.Release|Win32.ActiveCfg = Release|Win32
		{B1AFBFEF-2C07-4FFB-93AC-25453C255E37}.Release|Win32.Build.0 = Release|Win32
		{B1AFBFEF-2C07-4FFB-93AC-25453C255E37}.Release|Win32.Deploy.0 = Release|Win32
		{B1AFBFEF-2C07-4FFB-93AC-25453C255E37}.Release|x64.ActiveCfg = Release|x64
		{B1AFBFEF-2C07-4FFB-93AC-25453C255E37}.Release|x64.Build.0 = Release|x64
		{B1AFBFEF-2C07-4FFB-93AC-25453C255E37}.Release|x64.Deploy.0 = Release|x64
		{DC74F08C-75CB-422C-A676-DC55B25C5C02}.Debug|Win32.ActiveCfg = Debug|Win32
		{DC74F08C-75CB-422C-A676-DC55B25C5C02}.Debug|Win32.Build.0 = Debug|Win32
		{DC74F08C-75CB-422C-A676-DC55B25C5C02}.Debug|Win32.Deploy.0 = Debug|Win32
		{DC74F08C-75CB-422C-A676-DC55B25C5C02}.Debug|x64.ActiveCfg = Debug|x64
		{DC74F08C-75CB-422C-A676-DC55B25C5C02}.Debug|x64.Build.0 = Debug|x64
		{DC74F08C-75CB-422C-A676-DC55B25C5C02}.Debug|x64.Deploy.0 = Debug|x64
		{DC74F08C-75CB-422C-A676-DC55B25C5C02}.Release|Win32.ActiveCfg = Release|Win32
		{DC74F08C-75CB-422C-A676-DC55B25C5C02}.Release|Win32.Build.0 = Release|Win32
		{DC74F08C-75CB-422C-A676-DC55B25C5C02}.Release|Win32.Deploy.0 = Release|Win32
		{DC74F08C-75CB-422C-A676-DC55B25C5C02}.Release|x64.ActiveCfg = Release|x64
		{DC74F08C-75CB-422C-A676-DC55B25C5C02}.Release|x64.Build.0 = Release|x64
		{DC74F08C-75CB-422C-A676-DC55B25C5C02}.Release|x64.Deploy.0 = Release|x64
		{38731EA1-AD14-4F36-97E6-EA2F8EF59072}.Debug|Win32.ActiveCfg = Debug|Win32
		{38731EA1-AD14-4F36-97E6-EA2F8EF59072}.Debug|Win32.Build.0 = Debug|Win32
		{38731EA1-AD14-4F36-97E6-EA2F8EF59072}.Debug|Win32.Deploy.0 = Debug|Win32
		{38731EA1-AD14-4F36-97E6-EA2F8EF59072}.Debug|x64.ActiveCfg = Debug|x64
		{38731EA1-AD14-4F36-97E6-EA2F8EF59072}.Debug|x64.Build.0 = Debug|x64
		{38731EA1-AD14-4F36-97E6-EA2F8EF59072}.Debug|x64.Deploy.0 = Debug|x64
		{38731EA1-AD14-4F36-97E6-EA2F8EF59072}.Release|Win32.ActiveCfg = Release|Win32
		{38731EA1-AD14-4F36-97E6-EA2F8EF59072}.Release|Win32.Build.0 = Release|Win32
		{38731EA1-AD14-4F36-97E6-EA2F8EF59072}.Release|Win32.Deploy.0 = Release|Win32
		{38731EA1-AD14-4F36-97E6-EA2F8EF59072}.Release|x64.ActiveCfg = Release|x64
		{38731EA1-AD14-4F36-97E6-EA2F8EF59072}.Release|x64.Build.0 = Release|x64
		{38731EA1-AD14-4F36-97E6-EA2F8EF59072}.Release|x64.Deploy.0 = Release|x64
		{7F20492B-A871-4FE4-9FCF-048F2EAC6C82}.Debug|Win32.ActiveCfg = Debug|Win32
		{7F20492B-A871-4FE4-9FCF-048F2EAC6C82}.Debug|Win32.Build.0 = Debug|Win32
		{7F20492B-A871-4FE4-9FCF-048F2EAC6C82}.Debug|Win32.Deploy.0 = Debug|Win32
		{7F20492B-A871-4FE4-9FCF-048F2EAC6C82}.Debug|x64.ActiveCfg = Debug|x64
		{7F20492B-A871-4FE4-9FCF-048F2EAC6C82}.Debug|x64.Build.0 = Debug|x64
		{7F20492B-A871-4FE4-9FCF-048F2EAC6C82}.Debug|x64.Deploy.0 = Debug|x64
		{7F20492B-A871-4FE4-9FCF-048F2EAC6C82}.Release|Win32.ActiveCfg = Release|Win32
		{7F20492B-A871-4FE4-9FCF-048F2EAC6C82}.Release|Win32.Build.0 = Release|Win32
		{7F20492B-A871-4FE4-9FCF-048F2EAC6C82}.Release|Win32.Deploy.0 = Release|Win32
		{7F20492B-A871-4FE4-9FCF-048F2EAC6C82}.Release|x64.ActiveCfg = Release|x64
		{7F20492B-A871-4FE4-9FCF-048F2EAC6C82}.Release|x64.Build.0 = Release|x64
		{7F20492B-A871-4FE4-9FCF-048F2EAC6C82}.Release|x64.Deploy.0 = Release|x64
		{0C6DC913-C0B4-4940-B906-A0A04D20C64D}.Debug|Win32.ActiveCfg = Debug|Win32
		{0C6DC913-C0B4-4940-B906-A0A04D20C64D}.Debug|Win32.Build.0 = Debug|Win32
		{0C6DC913-C0B4-4940-B906-A0A04D20C64D}.Debug|Win32.Deploy.0 = Debug|Win32
		{0C6DC913-C0B4-4940-B906-A0A04D20C64D}.Debug|x64.ActiveCfg = Debug|x64
		{0C6DC913-C0B4-4940-B906-A0A04D20C64D}.Debug|x64.Build.0 = Debug|x64
		{0C6DC913-C0B4-4940-B906-A0A04D20C64D}.Debug|x64.Deploy.0 = Debug|x64
		{0C6DC913-C0B4-4940-B906-A0A04D20C64D}.Release|Win32.ActiveCfg = Release|Win32
		{0C6DC913-C0B4-4940-B906-A0A04D20C64D}.Release|Win32.Build.0 = Release|Win32
		{0C6DC913-C0B4-4940-B906-A0A04D20C64D}.Release|Win32.Deploy.0 = Release|Win32
		{0C6DC913-C0B4-4940-B906-A0A04D20C64D}.Release|x64.ActiveCfg = Release|x64
		{0C6DC913-C0B4-4940-B906-A0A04D20C64D}.Release|x64.Build.0 = Release|x64
		{0C6DC913-C0B4-4940-B906-A0A04D20C64D}.Release|x64.Deploy.0 = Release|x64
		{42EA8003-CFE9-444B-BFA0-64393715BC9A}.Debug|Win32.ActiveCfg = Debug|Win32
		{42EA8003-CFE9-444B-BFA0-64393715BC9A}.Debug|Win32.Build.0 = Debug|Win32
		{42EA8003-CFE9-444B-BFA0-64393715BC9A}.Debug|Win32.Deploy.0 = Debug|Win32
		{42EA8003-CFE9-444B-BFA0-64393715BC9A}.Debug|x64.ActiveCfg = Debug|x64
		{42EA8003-CFE9-444B-BFA0-64393715BC9A}.Debug|x64.Build.0 = Debug|x64
		{42EA8003-CFE9-444B-BFA0-64393715BC9A}.Debug|x64.Deploy.0 = Debug|x64
		{42EA8003-CFE9-444B-BFA0-64393715BC9A}.Release|Win32.ActiveCfg = Release|Win32
		{42EA8003-CFE9-444B-BFA0-64393715BC9A}.Release|Win32.Build.0 = Release|Win32
		{42EA8003-CFE9-444B-BFA0-64393715BC9A}.Release|Win32.Deploy.0 = Release|Win32
		{42EA8003-CFE9-444B-BFA0-64393715BC9A}.Release|x64.ActiveCfg = Release|x64
		{42EA8003-CFE9-444B-BFA0-64393715BC9A}.Release|x64.Build.0 = Release|x64
		{42EA8003-CFE9-444B-BFA0-64393715BC9A}.Release|x64.Deploy.0 = Release|x64
		{8EC3B1D7-7172-4CD3-842B-A61D9AE891C7}.Debug|Win32.ActiveCfg = Debug|Win32
		{8EC3B1D7-7172-4CD3-842B-A61D9AE891C7}.Debug|Win32.Build.0 = Debug|Win32
		{8EC3B1D7-7172-4CD3-842B-A61D9AE891C7}.Debug|Win32.Deploy.0 = Debug|Win32
		{8EC3B1D7-7172-4CD3-842B-A61D9AE891C7}.Debug|x64.ActiveCfg = Debug|x64
		{8EC3B1D7-7172-4CD3-842B-A61D9AE891C7}.Debug|x64.Build.0 = Debug|x64
		{8EC3B1D7-7172-4CD3-842B-A61D9AE891C7}.Debug|x64.Deploy.0 = Debug|x64
		{8EC3B1D7-7172-4CD3-842B-A61D9AE891C7}.Release|Win32.ActiveCfg = Release|Win32
		{8EC3B1D7-7172-4CD3-842B-A61D9AE891C7}.Release|Win32.Build.0 = Release|Win32
		{8EC3B1D7-7172-4CD3-842B-A61D9AE891C7}.Release|Win32.Deploy.0 = Release|Win32
		{8EC3B1D7-7172-4CD3-842B-A61D9AE891C7}.Release|x64.ActiveCfg = Release|x64
		{8EC3B1D7-7172-4CD3-842B-A61D9AE891C7}.Release|x64.Build.0 = Release|x64
		{8EC3B1D7-7172-4CD3-842B-A61D9AE891C7}.Release|x64.Deploy.0 = Release|x64
		{89737B3D-F98D-4881-8B55-3D9640995158}.Debug|Win32.ActiveCfg = Debug|Win32
		{89737B3D-F98D-4881-8B55-3D9640995158}.Debug|Win32.Build.0 = Debug|Win32
		{89737B3D-F98D-4881-8B55-3D9640995158}.Debug|Win32.Deploy.0 = Debug|Win32
		{89737B3D-F98D-4881-8B55-3D9640995158}.Debug|x64.ActiveCfg = Debug|x64
		{89737B3D-F98D-4881-8B55-3D9640995158}.Debug|x64.Build.0 = Debug|x64
		{89737B3D-F98D-4881-8B55-3D9640995158}.Debug|x64.Deploy.0 = Debug|x64
		{89737B3D-F98D-4881-8B55-3D9640995158}.Release|Win32.ActiveCfg = Release|Win32
		{89737B3D-F98D-4881-8B55-3D9640995158}.Release|Win32.Build.0 = Release|Win32
		{89737B3D-F98D-4881-8B55-3D9640995158}.Release|Win32.Deploy.0 = Release|Win32
		{89737B3D-F98D-4881-8B55-3D9640995158}.Release|x64.ActiveCfg = Release|x64
		{89737B3D-F98D-4881-8B55-3D9640995158}.Release|x64.Build.0 = Release|x64
		{89737B3D-F98D-4881-8B55-3D9640995158}.Release|x64.Deploy.0 = Release|x64
		{D7B07CDD-047D-4EA5-A445-232532837199}.Debug|Win32.ActiveCfg = Debug|Win32
		{D7B07CDD-047D-4EA5-A445-232532837199}.Debug|Win32.Build.0 = Debug|Win32
		{D7B07CDD-047D-4EA5-A445-232532837199}.Debug|Win32.Deploy.0 = Debug|Win32
		{D7B07CDD-047D-4EA5-A445-232532837199}.Debug|x64.ActiveCfg = Debug|x64
		{D7B07CDD-047D-4EA5-A445-232532837199}.Debug|x64.Build.0 = Debug|x64
		{D7B07CDD-047D-4EA5-A445-232532837199}.Debug|x64.Deploy.0 = Debug|x64
		{D7B07CDD-047D-4EA5-A445-232532837199}.Release|Win32.ActiveCfg = Release|Win32
		{D7B07CDD-047D-4EA5-A445-232532837199}.Release|Win32.Build.0 = Release|Win32
		{D7B07CDD-047D-4EA5-A445-232532837199}.Release|Win32.Deploy.0 = Release|Win32
		{D7B07CDD-047D-4EA5-A445-232532837199}.Release|x64.ActiveCfg = Release|x64
		{D7B07CDD-047D-4EA5-A445-232532837199}.Release|x64.Build.0 = Release|x64
		{D7B07CDD-047D-4EA5-A445-232532837199}.Release|x64.Deploy.0 = Release|x64
		{A95A787E-9DE7-49F1-BD0D-445B3251834F}.Debug|Win32.ActiveCfg = Debug|Win32
		{A95A787E-9DE7-49F1-BD0D-445B3251834F}.Debug|Win32.Build.0 = Debug|Win32
		{A95A787E-9DE7-49F1-BD0D-445B3251834F}.Debug|Win32.Deploy.0 = Debug|Win32
		{A95A787E-9DE7-49F1-BD0D-445B3251834F}.Debug|x64.ActiveCfg = Debug|x64
		{A95A787E-9DE7-49F1-BD0D-445B3251834F}.Debug|x64.Build.0 = Debug|x64
		{A95A787E-9DE7-49F1-BD0D-445B3251834F}.Debug|x64.Deploy.0 = Debug|x64
		{A95A787E-9DE7-49F1-BD0D-445B3251834F}.Release|Win32.ActiveCfg = Release|Win32
		{A95A787E-9DE7-49F1-BD0D-445B3251834F}.Release|Win32.Build.0 = Release|Win32
		{A95A787E-9DE7-49F1-BD0D-445B3251834F}.Release|Win32.Deploy.0 = Release|Win32
		{A95A787E-9DE7-49F1-BD0D-445B3251834F}.Release|x64.ActiveCfg = Release|x64
		{A95A787E-9DE7-49F1-BD0D-445B3251834F}.Release|x64.Build.0 = Release|x64
		{A95A787E-9DE7-49F1-BD0D-445B3251834F}.Release|x64.Deploy.0 = Release|x64
		{42799A5B-5973-4246-B481-4A0007E5E670}.Debug|Win32.ActiveCfg = Debug|Win32
		{42799A5B-5973-4246-B481-4A0007E5E670}.Debug|Win32.Build.0 = Debug|Win32
		{42799A5B-5973-4246-B481-4A0007E5E670}.Debug|Win32.Deploy.0 = Debug|Win32
		{42799A5B-5973-4246-B481-4A0007E5E670}.Debug|x64.ActiveCfg = Debug|x64
		{42799A5B-5973-4246-B481-4A0007E5E670}.Debug|x64.Build.0 = Debug|x64
		{42799A5B-5973-4246-B481-4A0007E5E670}.Debug|x64.Deploy.0 = Debug|x64
		{42799A5B-5973-4246-B481-4A0007E5E670}.Release|Win32.ActiveCfg = Release|Win32
		{42799A5B-5973-4246-B481-4A0007E5E670}.Release|Win32.Build.0 = Release|Win32
		{42799A5B-5973-4246-B481-4A0007E5E670}.Release|Win32.Deploy.0 = Release|Win32
		{42799A5B-5973-4246-B481-4A0007E5E670}.Release|x64.ActiveCfg = Release|x64
		{42799A5B-5973-4246-B481-4A0007E5E670}.Release|x64.Build.0 = Release|x64
		{42799A5B-5973-4246-B481-4A0007E5E670}.Release|x64.Deploy.0 = Release|x64
		{2E7BF7D2-6447-442C-9707-35DBF644CFD6}.Debug|Win32.ActiveCfg = Debug|Win32
		{2E7BF7D2-6447-442C-9707-35DBF644CFD6}.Debug|Win32.Build.0 = Debug|Win32
		{2E7BF7D2-6447-442C-9707-35DBF644CFD6}.Debug|Win32.Deploy.0 = Debug|Win32
		{2E7BF7D2-6447-442C-9707-35DBF644CFD6}.Debug|x64.ActiveCfg = Debug|x64
		{2E7BF7D2-6447-442C-9707-35DBF644CFD6}.Debug|x64.Build.0 = Debug|x64
		{2E7BF7D2-6447-442C-9707-35DBF644CFD6}.Debug|x64.Deploy.0 = Debug|x64
		{2E7BF7D2-6447-442C-9707-35DBF644CFD6}.Release|Win32.ActiveCfg = Release|Win32
		{2E7BF7D2-6447-442C-9707-35DBF644CFD6}.Release|Win32.Build.0 = Release|Win32
		{2E7BF7D2-6447-442C-9707-35DBF644CFD6}.Release|Win32.Deploy.0 = Release|Win32
		{2E7BF7D2-6447-442C-9707-35DBF644CFD6}.Release|x64.ActiveCfg = Release|x64
		{2E7BF7D2-6447-442C-9707-35DBF644CFD6}.Release|x64.Build.0 = Release|x64
		{2E7BF7D2-6447-442C-9707-35DBF644CFD6}.Release|x64.Deploy.0 = Release|x64
		{03949A98-AAD3-4511-BDA0-1917CD69E574}.Debug|Win32.ActiveCfg = Debug|Win32
		{03949A98-AAD3-4511-BDA0-1917CD69E574}.Debug|Win32.Build.0 = Debug|Win32
		{03949A98-AAD3-4511-BDA0-1917CD69E574}.Debug|Win32.Deploy.0 = Debug|Win32
		{03949A98-AAD3-4511-BDA0-1917CD69E574}.Debug|x64.ActiveCfg = Debug|x64
		{03949A98-AAD3-4511-BDA0-1917CD69E574}.Debug|x64.Build.0 = Debug|x64
		{03949A98-AAD3-4511-BDA0-1917CD69E574}.Debug|x64.Deploy.0 = Debug|x64
		{03949A98-AAD3-4511-BDA0-1917CD69E574}.Release|Win32.ActiveCfg = Release|Win32
		{03949A98-AAD3-4511-BDA0-1917CD69E574}.Release|Win32.Build.0 = Release|Win32
		{03949A98-AAD3-4511-BDA0-1917CD69E574}.Release|Win32.Deploy.0 = Release|Win32
		{03949A98-AAD3-4511-BDA0-1917CD69E574}.Release|x64.ActiveCfg = Release|x64
		{03949A98-AAD3-4511-BDA0-1917CD69E574}.Release|x64.Build.0 = Release|x64
		{03949A98-AAD3-4511-BDA0-1917CD69E574}.Release|x64.Deploy.0 = Release|x64
		{863CFE10-3BBB-428E-9C5F-2AA14E09EA8A}.Debug|Win32.ActiveCfg = Debug|Win32
		{863CFE10-3BBB-428E-9C5F-2AA14E09EA8A}.Debug|Win32.Build.0 = Debug|Win32
		{863CFE10-3BBB-428E-9C5F-2AA14E09EA8A}.Debug|Win32.Deploy.0 = Debug|Win32
		{863CFE10-3BBB-428E-9C5F-2AA14E09EA8A}.Debug|x64.ActiveCfg = Debug|x64
		{863CFE10-3BBB-428E-9C5F-2AA14E09EA8A}.Debug|x64.Build.0 = Debug|x64
		{863CFE10-3BBB-428E-9C5F-2AA14E09EA8A}.Debug|x64.Deploy.0 = Debug|x64
		{863CFE10-3BBB-428E-9C5F-2AA14E09EA8A}.Release|Win32.ActiveCfg = Release|Win32
		{863CFE10-3BBB-428E-9C5F-2AA14E09EA8A}.Release|Win32.Build.0 = Release|Win32
		{863CFE10-3BBB-428E-9C5F-2AA14E09EA8A}.Release|Win32.Deploy.0 = Release|Win32
		{863CFE10-3BBB-428E-9C5F-2AA14E09EA8A}.Release|x64.ActiveCfg = Release|x64
		{863CFE10-3BBB-428E-9C5F-2AA14E09EA8A}.Release|x64.Build.0 = Release|x64
		{863CFE10-3BBB-428E-9C5F-2AA14E09EA8A}.Release|x64.Deploy.0 = Release|x64
		{00917E98-8D2C-49DB-845C-16EEE022D374}.Debug|Win32.ActiveCfg = Debug|Win32
		{00917E98-8D2C-49DB-845C-16EEE022D374}.Debug|Win32.Build.0 = Debug|Win32
		{00917E98-8D2C-49DB-845C-16EEE022D374}.Debug|Win32.Deploy.0 = Debug|Win32
		{00917E98-8D2C-49DB-845C-16EEE022D374}.Debug|x64.ActiveCfg = Debug|x64
		{00917E98-8D2C-49DB-845C-16EEE022D374}.Debug|x64.Build.0 = Debug|x64
		{00917E98-8D2C-49DB-845C-16EEE022D374}.Debug|x64.Deploy.0 = Debug|x64
		{00917E98-8D2C-49DB-845C-16EEE022D374}.Release|Win32.ActiveCfg = Release|Win32
		{00917E98-8D2C-49DB-845C-16EEE022D374}.Release|Win32.Build.0 = Release|Win32
		{00917E98-8D2C-49DB-845C-16EEE022D374}.Release|Win32.Deploy.0 = Release|Win32
		{00917E98-8D2C-49DB-845C-16EEE022D374}.Release|x64.ActiveCfg = Release|x64
		{00917E98-8D2C-49DB-845C-16EEE022D374}.Release|x64.Build.0 = Release|x64
		{00917E98-8D2C-49DB-845C-16EEE022D374}.Release|x64.Deploy.0 = Release|x64
		{52C1FCCF-64D9-4A0E-9EAA-646DD38A20E8}.Debug|Win32.ActiveCfg = Debug|Win32
		{52C1FCCF-64D9-4A0E-9EAA-646DD38A20E8}.Debug|Win32.Build.0 = Debug|Win32
		{52C1FCCF-64D9-4A0E-9EAA-646DD38A20E8}.Debug|Win32.Deploy.0 = Debug|Win32
		{52C1FCCF-64D9-4A0E-9EAA-646DD38A20E8}.Debug|x64.ActiveCfg = Debug|x64
		{52C1FCCF-64D9-4A0E-9EAA-646DD38A20E8}.Debug|x64.Build.0 = Debug|x64
		{52C1FCCF-64D9-4A0E-9EAA-646DD38A20E8}.Debug|x64.Deploy.0 = Debug|x64
		{52C1FCCF-64D9-4A0E-9EAA-646DD38A20E8}.Release|Win32.ActiveCfg = Release|Win32
		{52C1FCCF-64D9-4A0E-9EAA-646DD38A20E8}.Release|Win32.Build.0 = Release|Win32
		{52C1FCCF-64D9-4A0E-9EAA-646DD38A20E8}.Release|Win32.Deploy.0 = Release|Win32
		{52C1FCCF-64D9-4A0E-9EAA-646DD38A20E8}.Release|x64.ActiveCfg = Release|x64
		{52C1FCCF-64D9-4A0E-9EAA-646DD38A20E8}.Release|x64.Build.0 = Release|x64
		{52C1FCCF-64D9-4A0E-9EAA-646DD38A20E8}.Release|x64.Deploy.0 = Release|x64
		{CC9162E7-B245-405F-9312-60D8030C7690}.Debug|Win32.ActiveCfg = Debug|Win32
		{CC9162E7-B245-405F-9312-60D8030C7690}.Debug|Win32.Build.0 = Debug|Win32
		{CC9162E7-B245-405F-9312-60D8030C7690}.Debug|Win32.Deploy.0 = Debug|Win32
		{CC9162E7-B245-405F-9312-60D8030C7690}.Debug|x64.ActiveCfg = Debug|x64
		{CC9162E7-B245-405F-9312-60D8030C7690}.Debug|x64.Build.0 = Debug|x64
		{CC9162E7-B245-405F-9312-60D8030C7690}.Debug|x64.Deploy.0 = Debug|x64
		{CC9162E7-B245-405F-9312-60D8030C7690}.Release|Win32.ActiveCfg = Release|Win32
		{CC9162E7-B245-405F-9312-60D8030C7690}.Release|Win32.Build.0 = Release|Win32
		{CC9162E7-B245-405F-9312-60D8030C7690}.Release|Win32.Deploy.0 = Release|Win32
		{CC9162E7-B245-405F-9312-60D8030C7690}.Release|x64.ActiveCfg = Release|x64
		{CC9162E7-B245-405F-9312-60D8030C7690}.Release|x64.Build.0 = Release|x64
		{CC9162E7-B245-405F-9312-60D8030C7690}.Release|x64.Deploy.0 = Release|x64
		{5B729A32-24F3-44B1-820D-EA81416673A7}.Debug|Win32.ActiveCfg = Debug|Win32
		{5B729A32-24F3-44B1-820D-EA81416673A7}.Debug|Win32.Build.0 = Debug|Win32
		{5B729A32-24F3-44B1-820D-EA81416673A7}.Debug|Win32.Deploy.0 = Debug|Win32
		{5B729A32-24F3-44B1-820D-EA81416673A7}.Debug|x64.ActiveCfg = Debug|x64
		{5B729A32-24F3-44B1-820D-EA81416673A7}.Debug|x64.Build.0 = Debug|x64
		{5B729A32-24F3-44B1-820D-EA81416673A7}.Debug|x64.Deploy.0 = Debug|x64
		{5B729A32-24F3-44B1-820D-EA81416673A7}.Release|Win32.ActiveCfg = Release|Win32
		{5B729A32-24F3-44B1-820D-EA81416673A7}.Release|Win32.Build.0 = Release|Win32
		{5B729A32-24F3-44B1-820D-EA81416673A7}.Release|Win32.Deploy.0 = Release|Win32
		{5B729A32-24F3-44B1-820D-EA81416673A7}.Release|x64.ActiveCfg = Release|x64
		{5B729A32-24F3-44B1-820D-EA81416673A7}.Release|x64.Build.0 = Release|x64
		{5B729A32-24F3-44B1-820D-EA81416673A7}.Release|x64.Deploy.0 = Release|x64
		{773206E0-3E51-4235-9274-1701C0667278}.Debug|Win32.ActiveCfg = Debug|Win32
		{773206E0-3E51-4235-9274-1701C0667278}.Debug|Win32.Build.0 = Debug|Win32
		{773206E0-3E51-4235-9274-1701C0667278}.Debug|Win32.Deploy.0 = Debug|Win32
		{773206E0-3E51-4235-9274-1701C0667278}.Debug|x64.ActiveCfg = Debug|x64
		{773206E0-3E51-4235-9274-1701C0667278}.Debug|x64.Build.0 = Debug|x64
		{773206E0-3E51-4235-9274-1701C0667278}.Debug|x64.Deploy.0 = Debug|x64
		{773206E0-3E51-4235-9274-1701C0667278}.Release|Win32.ActiveCfg = Release|Win32
		{773206E0-3E51-4235-9274-1701C0667278}.Release|Win32.Build.0 = Release|Win32
		{773206E0-3E51-4235-9274-1701C0667278}.Release|Win32.Deploy.0 = Release|Win32
		{773206E0-3E51-4235-9274-1701C0667278}.Release|x64.ActiveCfg = Release|x64
		{773206E0-3E51-4235-9274-1701C0667278}.Release|x64.Build.0 = Release|x64
		{773206E0-3E51-4235-9274-1701C0667278}.Release|x64.Deploy.0 = Release|x64
		{84C136C2-EB5E-4EA3-B658-9519AC96B791}.Debug|Win32.ActiveCfg = Debug|Win32
		{84C136C2-EB5E-4EA3-B658-9519AC96B791}.Debug|Win32.Build.0 = Debug|Win32
		{84C136C2-EB5E-4EA3-B658-9519AC96B791}.Debug|Win32.Deploy.0 = Debug|Win32
		{84C136C2-EB5E-4EA3-B658-9519AC96B791}.Debug|x64.ActiveCfg = Debug|x64
		{84C136C2-EB5E-4EA3-B658-9519AC96B791}.Debug|x64.Build.0 = Debug|x64
		{84C136C2-EB5E-4EA3-B658-9519AC96B791}.Debug|x64.Deploy.0 = Debug|x64
		{84C136C2-EB5E-4EA3-B658-9519AC96B791}.Release|Win32.ActiveCfg = Release|Win32
		{84C136C2-EB5E-4EA3-B658-9519AC96B791}.Release|Win32.Build.0 = Release|Win32
		{84C136C2-EB5E-4EA3-B658-9519AC96B791}.Release|Win32.Deploy.0 = Release|Win32
		{84C136C2-EB5E-4EA3-B658-9519AC96B791}.Release|x64.ActiveCfg = Release|x64
		{84C136C2-EB5E-4EA3-B658-9519AC96B791}.Release|x64.Build.0 = Release|x64
		{84C136C2-EB5E-4EA3-B658-9519AC96B791}.Release|x64.Deploy.0 = Release|x64
		{57FBFA1F-4FE8-4D0A-BDC1-4FA2F8ADFB2A}.Debug|Win32.ActiveCfg = Debug|Win32
		{57FBFA1F-4FE8-4D0A-BDC1-4FA2F8ADFB2A}.Debug|Win32.Build.0 = Debug|Win32
		{57FBFA1F-4FE8-4D0A-BDC1-4FA2F8ADFB2A}.Debug|Win32.Deploy.0 = Debug|Win32
		{57FBFA1F-4FE8-4D0A-BDC1-4FA2F8ADFB2A}.Debug|x64.ActiveCfg = Debug|x64
		{57FBFA1F-4FE8-4D0A-BDC1-4FA2F8ADFB2A}.Debug|x64.Build.0 = Debug|x64
		{57FBFA1F-4FE8-4D0A-BDC1-4FA2F8ADFB2A}.Debug|x64.Deploy.0 = Debug|x64
		{57FBFA1F-4FE8-4D0A-BDC1-4FA2F8ADFB2A}.Release|Win32.ActiveCfg = Release|Win32
		{57FBFA1F-4FE8-4D0A-BDC1-4FA2F8ADFB2A}.Release|Win32.Build.0 = Release|Win32
		{57FBFA1F-4FE8-4D0A-BDC1-4FA2F8ADFB2A}.Release|Win32.Deploy.0 = Release|Win32
		{57FBFA1F-4FE8-4D0A-BDC1-4FA2F8ADFB2A}.Release|x64.ActiveCfg = Release|x64
		{57FBFA1F-4FE8-4D0A-BDC1-4FA2F8ADFB2A}.Release|x64.Build.0 = Release|x64
		{57FBFA1F-4FE8-4D0A-BDC1-4FA2F8ADFB2A}.Release|x64.Deploy.0 = Release|x64
		{70C085C1-85B1-4707-B497-06A22BB8653F}.Debug|Win32.ActiveCfg = Debug|Win32
		{70C085C1-85B1-4707-B497-06A22BB8653F}.Debug|Win32.Build.0 = Debug|Win32
		{70C085C1-85B1-4707-B497-06A22BB8653F}.Debug|Win32.Deploy.0 = Debug|Win32
		{70C085C1-85B1-4707-B497-06A22BB8653F}.Debug|x64.ActiveCfg = Debug|x64
		{70C085C1-85B1-4707-B497-06A22BB8653F}.Debug|x64.Build.0 = Debug|x64
		{70C085C1-85B1-4707-B497-06A22BB8653F}.Debug|x64.Deploy.0 = Debug|x64
		{70C085C1-85B1-4707-B497-06A22BB8653F}.Release|Win32.ActiveCfg = Release|Win32
		{70C085C1-85B1-4707-B497-06A22BB8653F}.Release|Win32.Build.0 = Release|Win32
		{70C085C1-85B1-4707-B497-06A22BB8653F}.Release|Win32.Deploy.0 = Release|Win32
		{70C085C1-85B1-4707-B497-06A22BB8653F}.Release|x64.ActiveCfg = Release|x64
		{70C085C1-85B1-4707-B497-06A22BB8653F}.Release|x64.Build.0 = Release|x64
		{70C085C1-85B1-4707-B497-06A22BB8653F}.Release|x64.Deploy.0 = Release|x64
		{657BC4BA-9C08-4F35-8420-D01696D0BAB0}.Debug|Win32.ActiveCfg = Debug|Win32
		{657BC4BA-9C08-4F35-8420-D01696D0BAB0}.Debug|Win32.Build.0 = Debug|Win32
		{657BC4BA-9C08-4F35-8420-D01696D0BAB0}.Debug|Win32.Deploy.0 = Debug|Win32
		{657BC4BA-9C08-4F35-8420-D01696D0BAB0}.Debug|x64.ActiveCfg = Debug|x64
		{657BC4BA-9C08-4F35-8420-D01696D0BAB0}.Debug|x64.Build.0 = Debug|x64
		{657BC4BA-9C08-4F35-8420-D01696D0BAB0}.Debug|x64.Deploy.0 = Debug|x64
		{657BC4BA-9C08-4F35-8420-D01696D0BAB0}.Release|Win32.ActiveCfg = Release|Win32
		{657BC4BA-9C08-4F35-8420-D01696D0BAB0}.Release|Win32.Build.0 = Release|Win32
		{657BC4BA-9C08-4F35-8420-D01696D0BAB0}.Release|Win32.Deploy.0 = Release|Win32
		{657BC4BA-9C08-4F35-8420-D01696D0BAB0}.Release|x64.ActiveCfg = Release|x64
		{657BC4BA-9C08-4F35-8420-D01696D0BAB0}.Release|x64.Build.0 = Release|x64
		{657BC4BA-9C08-4F35-8420-D01696D0BAB0}.Release|x64.Deploy.0 = Release|x64
	EndGlobalSection
	GlobalSection(SolutionProperties) = preSolution
		HideSolutionNode = FALSE
	EndGlobalSection
EndGlobal
